
Microsoft Visual Studio Solution File, Format Version 12.00
# Visual Studio Version 17
VisualStudioVersion = 17.3.32922.545
MinimumVisualStudioVersion = 10.0.40219.1
Project("{9A19103F-16F7-4668-BE54-9A1E7A4F7556}") = "HappyPlants.BackEnd", "HappyPlants.BackEnd\HappyPlants.BackEnd\HappyPlants.BackEnd.csproj", "{DC64CB63-B818-4057-9699-B68ADA48C056}"
EndProject
Project("{9A19103F-16F7-4668-BE54-9A1E7A4F7556}") = "HappyPlants.Common", "HappyPlants.BackEnd\HappyPlants.Common\HappyPlants.Common.csproj", "{AAB3E9B0-D0D7-47EE-A5CF-47AB9A9EB8A0}"
EndProject
Project("{9A19103F-16F7-4668-BE54-9A1E7A4F7556}") = "HappyPlants.Data", "HappyPlants.BackEnd\HappyPlants.Data\HappyPlants.Data.csproj", "{94D52CB6-C36B-440F-8B5E-F005714BDC23}"
EndProject
Project("{9A19103F-16F7-4668-BE54-9A1E7A4F7556}") = "HappyPlants.Services", "HappyPlants.BackEnd\HappyPlants.Services\HappyPlants.Services.csproj", "{FD9DC770-4F7F-4577-944E-6BC859D812CD}"
EndProject
Project("{54A90642-561A-4BB1-A94E-469ADEE60C69}") = "HappyPlants.FrontEnd", "HappyPlants.FrontEnd\HappyPlants.FrontEnd.esproj", "{FF390141-F5AB-449A-A780-B5C47E9D90EF}"
EndProject
Global
	GlobalSection(SolutionConfigurationPlatforms) = preSolution
		Debug|Any CPU = Debug|Any CPU
		Release|Any CPU = Release|Any CPU
	EndGlobalSection
	GlobalSection(ProjectConfigurationPlatforms) = postSolution
		{DC64CB63-B818-4057-9699-B68ADA48C056}.Debug|Any CPU.ActiveCfg = Debug|Any CPU
		{DC64CB63-B818-4057-9699-B68ADA48C056}.Debug|Any CPU.Build.0 = Debug|Any CPU
		{DC64CB63-B818-4057-9699-B68ADA48C056}.Release|Any CPU.ActiveCfg = Release|Any CPU
		{DC64CB63-B818-4057-9699-B68ADA48C056}.Release|Any CPU.Build.0 = Release|Any CPU
		{AAB3E9B0-D0D7-47EE-A5CF-47AB9A9EB8A0}.Debug|Any CPU.ActiveCfg = Debug|Any CPU
		{AAB3E9B0-D0D7-47EE-A5CF-47AB9A9EB8A0}.Debug|Any CPU.Build.0 = Debug|Any CPU
		{AAB3E9B0-D0D7-47EE-A5CF-47AB9A9EB8A0}.Release|Any CPU.ActiveCfg = Release|Any CPU
		{AAB3E9B0-D0D7-47EE-A5CF-47AB9A9EB8A0}.Release|Any CPU.Build.0 = Release|Any CPU
		{94D52CB6-C36B-440F-8B5E-F005714BDC23}.Debug|Any CPU.ActiveCfg = Debug|Any CPU
		{94D52CB6-C36B-440F-8B5E-F005714BDC23}.Debug|Any CPU.Build.0 = Debug|Any CPU
		{94D52CB6-C36B-440F-8B5E-F005714BDC23}.Release|Any CPU.ActiveCfg = Release|Any CPU
		{94D52CB6-C36B-440F-8B5E-F005714BDC23}.Release|Any CPU.Build.0 = Release|Any CPU
		{FD9DC770-4F7F-4577-944E-6BC859D812CD}.Debug|Any CPU.ActiveCfg = Debug|Any CPU
		{FD9DC770-4F7F-4577-944E-6BC859D812CD}.Debug|Any CPU.Build.0 = Debug|Any CPU
		{FD9DC770-4F7F-4577-944E-6BC859D812CD}.Release|Any CPU.ActiveCfg = Release|Any CPU
		{FD9DC770-4F7F-4577-944E-6BC859D812CD}.Release|Any CPU.Build.0 = Release|Any CPU
		{FF390141-F5AB-449A-A780-B5C47E9D90EF}.Debug|Any CPU.ActiveCfg = Debug|Any CPU
		{FF390141-F5AB-449A-A780-B5C47E9D90EF}.Debug|Any CPU.Build.0 = Debug|Any CPU
		{FF390141-F5AB-449A-A780-B5C47E9D90EF}.Debug|Any CPU.Deploy.0 = Debug|Any CPU
		{FF390141-F5AB-449A-A780-B5C47E9D90EF}.Release|Any CPU.ActiveCfg = Release|Any CPU
		{FF390141-F5AB-449A-A780-B5C47E9D90EF}.Release|Any CPU.Build.0 = Release|Any CPU
		{FF390141-F5AB-449A-A780-B5C47E9D90EF}.Release|Any CPU.Deploy.0 = Release|Any CPU
	EndGlobalSection
	GlobalSection(SolutionProperties) = preSolution
		HideSolutionNode = FALSE
	EndGlobalSection
	GlobalSection(ExtensibilityGlobals) = postSolution
		SolutionGuid = {EDE47DBC-27A5-466F-A6F2-9FFA245BB0D7}
	EndGlobalSection
EndGlobal
